github.com/BurntSushi/toml v0.3.1 h1:WXkYYl6Yr3qBf1K79EBnL4mak0OimBfB0XUf9Vl28OQ=
github.com/BurntSushi/toml v0.3.1/go.mod h1:xHWCNGjB5oqiDr8zfno3MHue2Ht5sIBksp03qcyfWMU=
github.com/JoshStrobl/trunk v0.0.0-20200218090856-fe3310723adb h1:NQsZCId6E2afKtrfNdKJZr9EST/7c9w87GsBGsCkUN4=
github.com/JoshStrobl/trunk v0.0.0-20200218090856-fe3310723adb/go.mod h1:Cpt2tj6u+nvgrIUg2Ljs06ORo7HPncv3kvYn/aO/6lo=
github.com/PuerkitoBio/goquery v1.5.1 h1:PSPBGne8NIUWw+/7vFBV+kG2J/5MOjbzc7154OaKCSE=
github.com/PuerkitoBio/goquery v1.5.1/go.mod h1:GsLWisAFVj4WgDibEWF4pvYnkVQBpKBKeU+7zCJoLcc=
github.com/andybalholm/cascadia v1.1.0 h1:BuuO6sSfQNFRu1LppgbD25Hr2vLYW25JvxHs5zzsLTo=
github.com/andybalholm/cascadia v1.1.0/go.mod h1:GsXiBklL0woXo1j/WYWtSYYC4ouU9PqHO0sqidkEA4Y=
github.com/lrstanley/girc v0.0.0-20190801035559-4fc93959e1a7 h1:BS9tqL0OCiOGuy/CYYk2gc33fxqaqh5/rhqMKu4tcYA=
github.com/lrstanley/girc v0.0.0-20190801035559-4fc93959e1a7/go.mod h1:liX5MxHPrwgHaKowoLkYGwbXfYABh1jbZ6FpElbGF1I=
github.com/narwhalirc/tusk v0.0.0-20200223094303-6b544e463b43 h1:qbE1EhnetC4AFxqStref0d2whztaqs6Tc0N98e+2xe4=
github.com/narwhalirc/tusk v0.0.0-20200223094303-6b544e463b43/go.mod h1:uYT6H1jjoylg6ata5lqnVGEw/gsWmYLCWBmlVn9qvhI=
golang.org/x/crypto v0.0.0-20190308221718-c2843e01d9a2/go.mod h1:djNgcEr1/C05ACkg1iLfiJU5Ep61QUkGW8qpdssI0+w=
golang.org/x/net v0.0.0-20180218175443-cbe0f9307d01/go.mod h1:mL1N/T3taQHkDXs73rZJwtUhF3w3ftmwwsq0BUmARs4=
golang.org/x/net v0.0.0-20200202094626-16171245cfb2 h1:CCH4IOTTfewWjGOlSp+zGcjutRKlBEZQ6wTn8ozI/nI=
golang.org/x/net v0.0.0-20200202094626-16171245cfb2/go.mod h1:z5CRVTTTmAJ677TzLLGU+0bjPO0LkuOLi4/5GtJWs/s=
golang.org/x/sys v0.0.0-20190215142949-d0b11bdaac8a/go.mod h1:STP8DvDyc/dI5b8T5hshtkjS+E42TnysNCUPdjciGhY=
golang.org/x/text v0.3.0/go.mod h1:NqM8EUOU14njkJ3fqMW+pc6Ldnwhi/IjpwHt7yyuwOQ=
