github.com/BurntSushi/toml v0.3.1 h1:WXkYYl6Yr3qBf1K79EBnL4mak0OimBfB0XUf9Vl28OQ=
github.com/BurntSushi/toml v0.3.1/go.mod h1:xHWCNGjB5oqiDr8zfno3MHue2Ht5sIBksp03qcyfWMU=
github.com/JoshStrobl/trunk v0.0.0-20181002153148-d43b81798735/go.mod h1:u89KTMPXdLu7DvOY5m3fY15FCpvVYDglT50pRVgli3c=
github.com/JoshStrobl/trunk v0.0.0-20200218090856-fe3310723adb h1:NQsZCId6E2afKtrfNdKJZr9EST/7c9w87GsBGsCkUN4=
github.com/JoshStrobl/trunk v0.0.0-20200218090856-fe3310723adb/go.mod h1:Cpt2tj6u+nvgrIUg2Ljs06ORo7HPncv3kvYn/aO/6lo=
github.com/PuerkitoBio/goquery v1.5.0 h1:uGvmFXOA73IKluu/F84Xd1tt/z07GYm8X49XKHP7EJk=
github.com/PuerkitoBio/goquery v1.5.0/go.mod h1:qD2PgZ9lccMbQlc7eEOjaeRlFQON7xY8kdmcsrnKqMg=
github.com/TryStreambits/sauron v0.0.0-20200824213556-e7a9f965f400 h1:otJE7GOxnuEAztW3Jr3uB1voG1Wq5AlrfrPiZqiByyQ=
github.com/TryStreambits/sauron v0.0.0-20200824213556-e7a9f965f400/go.mod h1:JFJdUdGbjIsYPJuGtb2snBxQUkBsjrTZ9lj9An1ORjQ=
github.com/andybalholm/cascadia v1.0.0 h1:hOCXnnZ5A+3eVDX8pvgl4kofXv2ELss0bKcqRySc45o=
github.com/andybalholm/cascadia v1.0.0/go.mod h1:GsXiBklL0woXo1j/WYWtSYYC4ouU9PqHO0sqidkEA4Y=
github.com/lrstanley/girc v0.0.0-20201230105353-2cb73c377255 h1:YCW4tSJ6ZILFs0pTQMO+jxZ069tVS1E0ctZxCg2QTXs=
github.com/lrstanley/girc v0.0.0-20201230105353-2cb73c377255/go.mod h1:liX5MxHPrwgHaKowoLkYGwbXfYABh1jbZ6FpElbGF1I=
github.com/narwhalirc/tusk v0.0.0-20210210143330-5d94200ddb08 h1:r2TWOqyOlylpnEAOEl8HcxISLBJk6oJU9lyWSqYvb7Y=
github.com/narwhalirc/tusk v0.0.0-20210210143330-5d94200ddb08/go.mod h1:ycKfotjXh4nD+V8FVuERKv1RMwWYzvQarr+KEjBrURg=
github.com/narwhalirc/tusk v0.0.0-20210526142212-e72e1fc4666d h1:H7jiSc+XccXlTpLLlFwbRhvAp41QdTvsf+DtRwRdJl8=
github.com/narwhalirc/tusk v0.0.0-20210526142212-e72e1fc4666d/go.mod h1:ycKfotjXh4nD+V8FVuERKv1RMwWYzvQarr+KEjBrURg=
github.com/narwhalirc/tusk v0.0.0-20210526143609-99e4f819d45e h1:6W3bvuAXE5zUK6EDk3F6sY720dtju2swPip1y90kErY=
github.com/narwhalirc/tusk v0.0.0-20210526143609-99e4f819d45e/go.mod h1:ycKfotjXh4nD+V8FVuERKv1RMwWYzvQarr+KEjBrURg=
github.com/narwhalirc/tusk v0.0.0-20210526144336-ef44c1ea4477 h1:c3KNXqFWKqDL0MPHJHh5Y6Mpmri46cPJ57KJGYRp2g4=
github.com/narwhalirc/tusk v0.0.0-20210526144336-ef44c1ea4477/go.mod h1:ycKfotjXh4nD+V8FVuERKv1RMwWYzvQarr+KEjBrURg=
github.com/narwhalirc/tusk v0.0.0-20210526144604-8408ad48d80b h1:Y/KiOlAEhPUOWhrFK/ZmQLJXxM+5QvREIzcMNFtTtDE=
github.com/narwhalirc/tusk v0.0.0-20210526144604-8408ad48d80b/go.mod h1:ycKfotjXh4nD+V8FVuERKv1RMwWYzvQarr+KEjBrURg=
github.com/narwhalirc/tusk v0.0.0-20210526144800-8a1fafddc735 h1:yS4TMSN0ba92IxjVoCtAGgvJRlN6tTHIvhHVFeldYAY=
github.com/narwhalirc/tusk v0.0.0-20210526144800-8a1fafddc735/go.mod h1:ycKfotjXh4nD+V8FVuERKv1RMwWYzvQarr+KEjBrURg=
github.com/narwhalirc/tusk v0.0.0-20210526151213-d032440093df h1:fxZNILVBkyC1yvKuOsZSJCcCVrtkxyzAZktr3CfEmoo=
github.com/narwhalirc/tusk v0.0.0-20210526151213-d032440093df/go.mod h1:ycKfotjXh4nD+V8FVuERKv1RMwWYzvQarr+KEjBrURg=
github.com/narwhalirc/tusk v0.0.0-20210526183633-4eaaf470851b h1:KOEJ/ynY67yLZB6uv5XNZXz6Yp8EJrRZ5cjjHe7IRag=
github.com/narwhalirc/tusk v0.0.0-20210526183633-4eaaf470851b/go.mod h1:ycKfotjXh4nD+V8FVuERKv1RMwWYzvQarr+KEjBrURg=
golang.org/x/net v0.0.0-20180218175443-cbe0f9307d01/go.mod h1:mL1N/T3taQHkDXs73rZJwtUhF3w3ftmwwsq0BUmARs4=
golang.org/x/net v0.0.0-20181114220301-adae6a3d119a h1:gOpx8G595UYyvj8UK4+OFyY4rx037g3fmfhe5SasG3U=
golang.org/x/net v0.0.0-20181114220301-adae6a3d119a/go.mod h1:mL1N/T3taQHkDXs73rZJwtUhF3w3ftmwwsq0BUmARs4=
